// !$*UTF8*$!
{
	archiveVersion = 1;
	classes = {
	};
	objectVersion = 56;
	objects = {

/* Begin PBXBuildFile section */
		555B2F2C2BED30A4009EF5DE /* ImageEditorApp.swift in Sources */ = {isa = PBXBuildFile; fileRef = 555B2F2B2BED30A4009EF5DE /* ImageEditorApp.swift */; };
		555B2F2E2BED30A4009EF5DE /* ContentView.swift in Sources */ = {isa = PBXBuildFile; fileRef = 555B2F2D2BED30A4009EF5DE /* ContentView.swift */; };
		555B2F302BED30A6009EF5DE /* Assets.xcassets in Resources */ = {isa = PBXBuildFile; fileRef = 555B2F2F2BED30A6009EF5DE /* Assets.xcassets */; };
		555B2F332BED30A6009EF5DE /* Preview Assets.xcassets in Resources */ = {isa = PBXBuildFile; fileRef = 555B2F322BED30A6009EF5DE /* Preview Assets.xcassets */; };
		555B2F3A2BED311A009EF5DE /* PermissionsView.swift in Sources */ = {isa = PBXBuildFile; fileRef = 555B2F392BED311A009EF5DE /* PermissionsView.swift */; };
		555B2F412BED31A4009EF5DE /* Pacifico_OFL.txt in Resources */ = {isa = PBXBuildFile; fileRef = 555B2F3D2BED31A4009EF5DE /* Pacifico_OFL.txt */; };
		555B2F422BED31A4009EF5DE /* Montserrat_OFL.txt in Resources */ = {isa = PBXBuildFile; fileRef = 555B2F3E2BED31A4009EF5DE /* Montserrat_OFL.txt */; };
		555B2F432BED31A4009EF5DE /* Pacifico.ttf in Resources */ = {isa = PBXBuildFile; fileRef = 555B2F3F2BED31A4009EF5DE /* Pacifico.ttf */; };
		555B2F442BED31A4009EF5DE /* Montserrat.ttf in Resources */ = {isa = PBXBuildFile; fileRef = 555B2F402BED31A4009EF5DE /* Montserrat.ttf */; };
		555B2F482BED3233009EF5DE /* ShapesClassification.mlpackage in Sources */ = {isa = PBXBuildFile; fileRef = 555B2F472BED3233009EF5DE /* ShapesClassification.mlpackage */; };
		555B2F4D2BED32BB009EF5DE /* CircleIcon.swift in Sources */ = {isa = PBXBuildFile; fileRef = 555B2F4C2BED32BB009EF5DE /* CircleIcon.swift */; };
		555B2F4F2BED32D5009EF5DE /* FontSlider.swift in Sources */ = {isa = PBXBuildFile; fileRef = 555B2F4E2BED32D5009EF5DE /* FontSlider.swift */; };
		555B2F512BED32EC009EF5DE /* TextLabel.swift in Sources */ = {isa = PBXBuildFile; fileRef = 555B2F502BED32EC009EF5DE /* TextLabel.swift */; };
		555B2F542BED3314009EF5DE /* ImagePicker.swift in Sources */ = {isa = PBXBuildFile; fileRef = 555B2F532BED3313009EF5DE /* ImagePicker.swift */; };
		555B2F562BED333D009EF5DE /* ImageView.swift in Sources */ = {isa = PBXBuildFile; fileRef = 555B2F552BED333D009EF5DE /* ImageView.swift */; };
		555B2F592BED3374009EF5DE /* Canvas.swift in Sources */ = {isa = PBXBuildFile; fileRef = 555B2F582BED3374009EF5DE /* Canvas.swift */; };
		555B2F5B2BED3496009EF5DE /* MLCanvas.swift in Sources */ = {isa = PBXBuildFile; fileRef = 555B2F5A2BED3496009EF5DE /* MLCanvas.swift */; };
		555B2F5D2BED34CE009EF5DE /* CanvasViewController.swift in Sources */ = {isa = PBXBuildFile; fileRef = 555B2F5C2BED34CD009EF5DE /* CanvasViewController.swift */; };
		555B2F5F2BED34EA009EF5DE /* CanvasView.swift in Sources */ = {isa = PBXBuildFile; fileRef = 555B2F5E2BED34EA009EF5DE /* CanvasView.swift */; };
		555B2F622BED3546009EF5DE /* MediaProcessor.swift in Sources */ = {isa = PBXBuildFile; fileRef = 555B2F612BED3546009EF5DE /* MediaProcessor.swift */; };
		555B2F652BED3579009EF5DE /* UIImage+ext.swift in Sources */ = {isa = PBXBuildFile; fileRef = 555B2F642BED3579009EF5DE /* UIImage+ext.swift */; };
		555B2F672BED35A8009EF5DE /* UIImageView+ext.swift in Sources */ = {isa = PBXBuildFile; fileRef = 555B2F662BED35A8009EF5DE /* UIImageView+ext.swift */; };
		555B2F692BED35C6009EF5DE /* String+ext.swift in Sources */ = {isa = PBXBuildFile; fileRef = 555B2F682BED35C6009EF5DE /* String+ext.swift */; };
		555B2F6B2BED35E0009EF5DE /* PKDrawing+ext.swift in Sources */ = {isa = PBXBuildFile; fileRef = 555B2F6A2BED35E0009EF5DE /* PKDrawing+ext.swift */; };
		555B2F6D2BED35F9009EF5DE /* PKCanvasView+ext.swift in Sources */ = {isa = PBXBuildFile; fileRef = 555B2F6C2BED35F9009EF5DE /* PKCanvasView+ext.swift */; };
		555B2F6F2BED3614009EF5DE /* View+ext.swift in Sources */ = {isa = PBXBuildFile; fileRef = 555B2F6E2BED3614009EF5DE /* View+ext.swift */; };
		555B2F712BED3622009EF5DE /* UIResponder+ext.swift in Sources */ = {isa = PBXBuildFile; fileRef = 555B2F702BED3622009EF5DE /* UIResponder+ext.swift */; };
		555B2F792BED37DB009EF5DE /* EditingView.swift in Sources */ = {isa = PBXBuildFile; fileRef = 555B2F782BED37DB009EF5DE /* EditingView.swift */; };
/* End PBXBuildFile section */

/* Begin PBXFileReference section */
		555B2F282BED30A4009EF5DE /* ImageEditor.app */ = {isa = PBXFileReference; explicitFileType = wrapper.application; includeInIndex = 0; path = ImageEditor.app; sourceTree = BUILT_PRODUCTS_DIR; };
		555B2F2B2BED30A4009EF5DE /* ImageEditorApp.swift */ = {isa = PBXFileReference; lastKnownFileType = sourcecode.swift; path = ImageEditorApp.swift; sourceTree = "<group>"; };
		555B2F2D2BED30A4009EF5DE /* ContentView.swift */ = {isa = PBXFileReference; lastKnownFileType = sourcecode.swift; path = ContentView.swift; sourceTree = "<group>"; };
		555B2F2F2BED30A6009EF5DE /* Assets.xcassets */ = {isa = PBXFileReference; lastKnownFileType = folder.assetcatalog; path = Assets.xcassets; sourceTree = "<group>"; };
		555B2F322BED30A6009EF5DE /* Preview Assets.xcassets */ = {isa = PBXFileReference; lastKnownFileType = folder.assetcatalog; path = "Preview Assets.xcassets"; sourceTree = "<group>"; };
		555B2F392BED311A009EF5DE /* PermissionsView.swift */ = {isa = PBXFileReference; lastKnownFileType = sourcecode.swift; path = PermissionsView.swift; sourceTree = "<group>"; };
		555B2F3D2BED31A4009EF5DE /* Pacifico_OFL.txt */ = {isa = PBXFileReference; fileEncoding = 4; lastKnownFileType = text; path = Pacifico_OFL.txt; sourceTree = "<group>"; };
		555B2F3E2BED31A4009EF5DE /* Montserrat_OFL.txt */ = {isa = PBXFileReference; fileEncoding = 4; lastKnownFileType = text; path = Montserrat_OFL.txt; sourceTree = "<group>"; };
		555B2F3F2BED31A4009EF5DE /* Pacifico.ttf */ = {isa = PBXFileReference; lastKnownFileType = file; path = Pacifico.ttf; sourceTree = "<group>"; };
		555B2F402BED31A4009EF5DE /* Montserrat.ttf */ = {isa = PBXFileReference; lastKnownFileType = file; path = Montserrat.ttf; sourceTree = "<group>"; };
		555B2F452BED31CD009EF5DE /* Info.plist */ = {isa = PBXFileReference; lastKnownFileType = text.plist; path = Info.plist; sourceTree = "<group>"; };
		555B2F472BED3233009EF5DE /* ShapesClassification.mlpackage */ = {isa = PBXFileReference; lastKnownFileType = folder.mlpackage; path = ShapesClassification.mlpackage; sourceTree = "<group>"; };
		555B2F4C2BED32BB009EF5DE /* CircleIcon.swift */ = {isa = PBXFileReference; lastKnownFileType = sourcecode.swift; path = CircleIcon.swift; sourceTree = "<group>"; };
		555B2F4E2BED32D5009EF5DE /* FontSlider.swift */ = {isa = PBXFileReference; lastKnownFileType = sourcecode.swift; path = FontSlider.swift; sourceTree = "<group>"; };
		555B2F502BED32EC009EF5DE /* TextLabel.swift */ = {isa = PBXFileReference; lastKnownFileType = sourcecode.swift; path = TextLabel.swift; sourceTree = "<group>"; };
		555B2F532BED3313009EF5DE /* ImagePicker.swift */ = {isa = PBXFileReference; lastKnownFileType = sourcecode.swift; path = ImagePicker.swift; sourceTree = "<group>"; };
		555B2F552BED333D009EF5DE /* ImageView.swift */ = {isa = PBXFileReference; lastKnownFileType = sourcecode.swift; path = ImageView.swift; sourceTree = "<group>"; };
		555B2F582BED3374009EF5DE /* Canvas.swift */ = {isa = PBXFileReference; lastKnownFileType = sourcecode.swift; path = Canvas.swift; sourceTree = "<group>"; };
		555B2F5A2BED3496009EF5DE /* MLCanvas.swift */ = {isa = PBXFileReference; lastKnownFileType = sourcecode.swift; path = MLCanvas.swift; sourceTree = "<group>"; };
		555B2F5C2BED34CD009EF5DE /* CanvasViewController.swift */ = {isa = PBXFileReference; lastKnownFileType = sourcecode.swift; path = CanvasViewController.swift; sourceTree = "<group>"; };
		555B2F5E2BED34EA009EF5DE /* CanvasView.swift */ = {isa = PBXFileReference; lastKnownFileType = sourcecode.swift; path = CanvasView.swift; sourceTree = "<group>"; };
		555B2F612BED3546009EF5DE /* MediaProcessor.swift */ = {isa = PBXFileReference; lastKnownFileType = sourcecode.swift; path = MediaProcessor.swift; sourceTree = "<group>"; };
		555B2F642BED3579009EF5DE /* UIImage+ext.swift */ = {isa = PBXFileReference; lastKnownFileType = sourcecode.swift; path = "UIImage+ext.swift"; sourceTree = "<group>"; };
		555B2F662BED35A8009EF5DE /* UIImageView+ext.swift */ = {isa = PBXFileReference; lastKnownFileType = sourcecode.swift; path = "UIImageView+ext.swift"; sourceTree = "<group>"; };
		555B2F682BED35C6009EF5DE /* String+ext.swift */ = {isa = PBXFileReference; lastKnownFileType = sourcecode.swift; path = "String+ext.swift"; sourceTree = "<group>"; };
		555B2F6A2BED35E0009EF5DE /* PKDrawing+ext.swift */ = {isa = PBXFileReference; lastKnownFileType = sourcecode.swift; path = "PKDrawing+ext.swift"; sourceTree = "<group>"; };
		555B2F6C2BED35F9009EF5DE /* PKCanvasView+ext.swift */ = {isa = PBXFileReference; lastKnownFileType = sourcecode.swift; path = "PKCanvasView+ext.swift"; sourceTree = "<group>"; };
		555B2F6E2BED3614009EF5DE /* View+ext.swift */ = {isa = PBXFileReference; lastKnownFileType = sourcecode.swift; path = "View+ext.swift"; sourceTree = "<group>"; };
		555B2F702BED3622009EF5DE /* UIResponder+ext.swift */ = {isa = PBXFileReference; lastKnownFileType = sourcecode.swift; path = "UIResponder+ext.swift"; sourceTree = "<group>"; };
		555B2F782BED37DB009EF5DE /* EditingView.swift */ = {isa = PBXFileReference; lastKnownFileType = sourcecode.swift; path = EditingView.swift; sourceTree = "<group>"; };
/* End PBXFileReference section */

/* Begin PBXFrameworksBuildPhase section */
		555B2F252BED30A4009EF5DE /* Frameworks */ = {
			isa = PBXFrameworksBuildPhase;
			buildActionMask = 2147483647;
			files = (
			);
			runOnlyForDeploymentPostprocessing = 0;
		};
/* End PBXFrameworksBuildPhase section */

/* Begin PBXGroup section */
		555B2F1F2BED30A4009EF5DE = {
			isa = PBXGroup;
			children = (
				555B2F2A2BED30A4009EF5DE /* ImageEditor */,
				555B2F292BED30A4009EF5DE /* Products */,
			);
			sourceTree = "<group>";
		};
		555B2F292BED30A4009EF5DE /* Products */ = {
			isa = PBXGroup;
			children = (
				555B2F282BED30A4009EF5DE /* ImageEditor.app */,
			);
			name = Products;
			sourceTree = "<group>";
		};
		555B2F2A2BED30A4009EF5DE /* ImageEditor */ = {
			isa = PBXGroup;
			children = (
				555B2F452BED31CD009EF5DE /* Info.plist */,
				555B2F2B2BED30A4009EF5DE /* ImageEditorApp.swift */,
				555B2F2D2BED30A4009EF5DE /* ContentView.swift */,
				555B2F3B2BED318A009EF5DE /* Resources */,
				555B2F492BED328C009EF5DE /* Core */,
				555B2F752BED3745009EF5DE /* Permissions */,
				555B2F772BED3776009EF5DE /* Editing */,
				555B2F2F2BED30A6009EF5DE /* Assets.xcassets */,
				555B2F312BED30A6009EF5DE /* Preview Content */,
			);
			path = ImageEditor;
			sourceTree = "<group>";
		};
		555B2F312BED30A6009EF5DE /* Preview Content */ = {
			isa = PBXGroup;
			children = (
				555B2F322BED30A6009EF5DE /* Preview Assets.xcassets */,
			);
			path = "Preview Content";
			sourceTree = "<group>";
		};
		555B2F3B2BED318A009EF5DE /* Resources */ = {
			isa = PBXGroup;
			children = (
				555B2F462BED321F009EF5DE /* Canvas */,
				555B2F3C2BED3191009EF5DE /* Fonts */,
			);
			path = Resources;
			sourceTree = "<group>";
		};
		555B2F3C2BED3191009EF5DE /* Fonts */ = {
			isa = PBXGroup;
			children = (
				555B2F3E2BED31A4009EF5DE /* Montserrat_OFL.txt */,
				555B2F402BED31A4009EF5DE /* Montserrat.ttf */,
				555B2F3D2BED31A4009EF5DE /* Pacifico_OFL.txt */,
				555B2F3F2BED31A4009EF5DE /* Pacifico.ttf */,
			);
			path = Fonts;
			sourceTree = "<group>";
		};
		555B2F462BED321F009EF5DE /* Canvas */ = {
			isa = PBXGroup;
			children = (
				555B2F472BED3233009EF5DE /* ShapesClassification.mlpackage */,
			);
			path = Canvas;
			sourceTree = "<group>";
		};
		555B2F492BED328C009EF5DE /* Core */ = {
			isa = PBXGroup;
			children = (
				555B2F4B2BED32A3009EF5DE /* UI */,
				555B2F4A2BED329A009EF5DE /* Helpers */,
				555B2F572BED335A009EF5DE /* Canvas */,
				555B2F602BED3519009EF5DE /* Utils */,
			);
			path = Core;
			sourceTree = "<group>";
		};
		555B2F4A2BED329A009EF5DE /* Helpers */ = {
			isa = PBXGroup;
			children = (
				555B2F632BED356B009EF5DE /* Extensions */,
			);
			path = Helpers;
			sourceTree = "<group>";
		};
		555B2F4B2BED32A3009EF5DE /* UI */ = {
			isa = PBXGroup;
			children = (
				555B2F522BED32F0009EF5DE /* UIKit */,
				555B2F4C2BED32BB009EF5DE /* CircleIcon.swift */,
				555B2F4E2BED32D5009EF5DE /* FontSlider.swift */,
			);
			path = UI;
			sourceTree = "<group>";
		};
		555B2F522BED32F0009EF5DE /* UIKit */ = {
			isa = PBXGroup;
			children = (
				555B2F502BED32EC009EF5DE /* TextLabel.swift */,
				555B2F532BED3313009EF5DE /* ImagePicker.swift */,
				555B2F552BED333D009EF5DE /* ImageView.swift */,
			);
			path = UIKit;
			sourceTree = "<group>";
		};
		555B2F572BED335A009EF5DE /* Canvas */ = {
			isa = PBXGroup;
			children = (
				555B2F582BED3374009EF5DE /* Canvas.swift */,
				555B2F5A2BED3496009EF5DE /* MLCanvas.swift */,
				555B2F5C2BED34CD009EF5DE /* CanvasViewController.swift */,
				555B2F5E2BED34EA009EF5DE /* CanvasView.swift */,
			);
			path = Canvas;
			sourceTree = "<group>";
		};
		555B2F602BED3519009EF5DE /* Utils */ = {
			isa = PBXGroup;
			children = (
				555B2F612BED3546009EF5DE /* MediaProcessor.swift */,
			);
			path = Utils;
			sourceTree = "<group>";
		};
		555B2F632BED356B009EF5DE /* Extensions */ = {
			isa = PBXGroup;
			children = (
				555B2F642BED3579009EF5DE /* UIImage+ext.swift */,
				555B2F662BED35A8009EF5DE /* UIImageView+ext.swift */,
				555B2F682BED35C6009EF5DE /* String+ext.swift */,
				555B2F6A2BED35E0009EF5DE /* PKDrawing+ext.swift */,
				555B2F6C2BED35F9009EF5DE /* PKCanvasView+ext.swift */,
				555B2F6E2BED3614009EF5DE /* View+ext.swift */,
				555B2F702BED3622009EF5DE /* UIResponder+ext.swift */,
			);
			path = Extensions;
			sourceTree = "<group>";
		};
		555B2F752BED3745009EF5DE /* Permissions */ = {
			isa = PBXGroup;
			children = (
				555B2F392BED311A009EF5DE /* PermissionsView.swift */,
			);
			path = Permissions;
			sourceTree = "<group>";
		};
		555B2F772BED3776009EF5DE /* Editing */ = {
			isa = PBXGroup;
			children = (
				555B2F782BED37DB009EF5DE /* EditingView.swift */,
			);
			path = Editing;
			sourceTree = "<group>";
		};
/* End PBXGroup section */

/* Begin PBXNativeTarget section */
		555B2F272BED30A4009EF5DE /* ImageEditor */ = {
			isa = PBXNativeTarget;
			buildConfigurationList = 555B2F362BED30A6009EF5DE /* Build configuration list for PBXNativeTarget "ImageEditor" */;
			buildPhases = (
				555B2F242BED30A4009EF5DE /* Sources */,
				555B2F252BED30A4009EF5DE /* Frameworks */,
				555B2F262BED30A4009EF5DE /* Resources */,
			);
			buildRules = (
			);
			dependencies = (
			);
			name = ImageEditor;
			productName = ImageEditor;
			productReference = 555B2F282BED30A4009EF5DE /* ImageEditor.app */;
			productType = "com.apple.product-type.application";
		};
/* End PBXNativeTarget section */

/* Begin PBXProject section */
		555B2F202BED30A4009EF5DE /* Project object */ = {
			isa = PBXProject;
			attributes = {
				BuildIndependentTargetsInParallel = 1;
				LastSwiftUpdateCheck = 1530;
				LastUpgradeCheck = 1530;
				TargetAttributes = {
					555B2F272BED30A4009EF5DE = {
						CreatedOnToolsVersion = 15.3;
					};
				};
			};
			buildConfigurationList = 555B2F232BED30A4009EF5DE /* Build configuration list for PBXProject "ImageEditor" */;
			compatibilityVersion = "Xcode 14.0";
			developmentRegion = en;
			hasScannedForEncodings = 0;
			knownRegions = (
				en,
				Base,
			);
			mainGroup = 555B2F1F2BED30A4009EF5DE;
			productRefGroup = 555B2F292BED30A4009EF5DE /* Products */;
			projectDirPath = "";
			projectRoot = "";
			targets = (
				555B2F272BED30A4009EF5DE /* ImageEditor */,
			);
		};
/* End PBXProject section */

/* Begin PBXResourcesBuildPhase section */
		555B2F262BED30A4009EF5DE /* Resources */ = {
			isa = PBXResourcesBuildPhase;
			buildActionMask = 2147483647;
			files = (
				555B2F332BED30A6009EF5DE /* Preview Assets.xcassets in Resources */,
				555B2F432BED31A4009EF5DE /* Pacifico.ttf in Resources */,
				555B2F412BED31A4009EF5DE /* Pacifico_OFL.txt in Resources */,
				555B2F302BED30A6009EF5DE /* Assets.xcassets in Resources */,
				555B2F422BED31A4009EF5DE /* Montserrat_OFL.txt in Resources */,
				555B2F442BED31A4009EF5DE /* Montserrat.ttf in Resources */,
			);
			runOnlyForDeploymentPostprocessing = 0;
		};
/* End PBXResourcesBuildPhase section */

/* Begin PBXSourcesBuildPhase section */
		555B2F242BED30A4009EF5DE /* Sources */ = {
			isa = PBXSourcesBuildPhase;
			buildActionMask = 2147483647;
			files = (
				555B2F512BED32EC009EF5DE /* TextLabel.swift in Sources */,
				555B2F6B2BED35E0009EF5DE /* PKDrawing+ext.swift in Sources */,
				555B2F4D2BED32BB009EF5DE /* CircleIcon.swift in Sources */,
				555B2F5F2BED34EA009EF5DE /* CanvasView.swift in Sources */,
				555B2F4F2BED32D5009EF5DE /* FontSlider.swift in Sources */,
				555B2F592BED3374009EF5DE /* Canvas.swift in Sources */,
				555B2F5D2BED34CE009EF5DE /* CanvasViewController.swift in Sources */,
				555B2F2E2BED30A4009EF5DE /* ContentView.swift in Sources */,
				555B2F622BED3546009EF5DE /* MediaProcessor.swift in Sources */,
				555B2F712BED3622009EF5DE /* UIResponder+ext.swift in Sources */,
				555B2F672BED35A8009EF5DE /* UIImageView+ext.swift in Sources */,
				555B2F482BED3233009EF5DE /* ShapesClassification.mlpackage in Sources */,
				555B2F542BED3314009EF5DE /* ImagePicker.swift in Sources */,
				555B2F6F2BED3614009EF5DE /* View+ext.swift in Sources */,
				555B2F562BED333D009EF5DE /* ImageView.swift in Sources */,
				555B2F3A2BED311A009EF5DE /* PermissionsView.swift in Sources */,
				555B2F6D2BED35F9009EF5DE /* PKCanvasView+ext.swift in Sources */,
				555B2F792BED37DB009EF5DE /* EditingView.swift in Sources */,
				555B2F692BED35C6009EF5DE /* String+ext.swift in Sources */,
				555B2F652BED3579009EF5DE /* UIImage+ext.swift in Sources */,
				555B2F5B2BED3496009EF5DE /* MLCanvas.swift in Sources */,
				555B2F2C2BED30A4009EF5DE /* ImageEditorApp.swift in Sources */,
			);
			runOnlyForDeploymentPostprocessing = 0;
		};
/* End PBXSourcesBuildPhase section */

/* Begin XCBuildConfiguration section */
		555B2F342BED30A6009EF5DE /* Debug */ = {
			isa = XCBuildConfiguration;
			buildSettings = {
				ALWAYS_SEARCH_USER_PATHS = NO;
				ASSETCATALOG_COMPILER_GENERATE_SWIFT_ASSET_SYMBOL_EXTENSIONS = YES;
				CLANG_ANALYZER_NONNULL = YES;
				CLANG_ANALYZER_NUMBER_OBJECT_CONVERSION = YES_AGGRESSIVE;
				CLANG_CXX_LANGUAGE_STANDARD = "gnu++20";
				CLANG_ENABLE_MODULES = YES;
				CLANG_ENABLE_OBJC_ARC = YES;
				CLANG_ENABLE_OBJC_WEAK = YES;
				CLANG_WARN_BLOCK_CAPTURE_AUTORELEASING = YES;
				CLANG_WARN_BOOL_CONVERSION = YES;
				CLANG_WARN_COMMA = YES;
				CLANG_WARN_CONSTANT_CONVERSION = YES;
				CLANG_WARN_DEPRECATED_OBJC_IMPLEMENTATIONS = YES;
				CLANG_WARN_DIRECT_OBJC_ISA_USAGE = YES_ERROR;
				CLANG_WARN_DOCUMENTATION_COMMENTS = YES;
				CLANG_WARN_EMPTY_BODY = YES;
				CLANG_WARN_ENUM_CONVERSION = YES;
				CLANG_WARN_INFINITE_RECURSION = YES;
				CLANG_WARN_INT_CONVERSION = YES;
				CLANG_WARN_NON_LITERAL_NULL_CONVERSION = YES;
				CLANG_WARN_OBJC_IMPLICIT_RETAIN_SELF = YES;
				CLANG_WARN_OBJC_LITERAL_CONVERSION = YES;
				CLANG_WARN_OBJC_ROOT_CLASS = YES_ERROR;
				CLANG_WARN_QUOTED_INCLUDE_IN_FRAMEWORK_HEADER = YES;
				CLANG_WARN_RANGE_LOOP_ANALYSIS = YES;
				CLANG_WARN_STRICT_PROTOTYPES = YES;
				CLANG_WARN_SUSPICIOUS_MOVE = YES;
				CLANG_WARN_UNGUARDED_AVAILABILITY = YES_AGGRESSIVE;
				CLANG_WARN_UNREACHABLE_CODE = YES;
				CLANG_WARN__DUPLICATE_METHOD_MATCH = YES;
				COPY_PHASE_STRIP = NO;
				DEBUG_INFORMATION_FORMAT = dwarf;
				ENABLE_STRICT_OBJC_MSGSEND = YES;
				ENABLE_TESTABILITY = YES;
				ENABLE_USER_SCRIPT_SANDBOXING = YES;
				GCC_C_LANGUAGE_STANDARD = gnu17;
				GCC_DYNAMIC_NO_PIC = NO;
				GCC_NO_COMMON_BLOCKS = YES;
				GCC_OPTIMIZATION_LEVEL = 0;
				GCC_PREPROCESSOR_DEFINITIONS = (
					"DEBUG=1",
					"$(inherited)",
				);
				GCC_WARN_64_TO_32_BIT_CONVERSION = YES;
				GCC_WARN_ABOUT_RETURN_TYPE = YES_ERROR;
				GCC_WARN_UNDECLARED_SELECTOR = YES;
				GCC_WARN_UNINITIALIZED_AUTOS = YES_AGGRESSIVE;
				GCC_WARN_UNUSED_FUNCTION = YES;
				GCC_WARN_UNUSED_VARIABLE = YES;
				IPHONEOS_DEPLOYMENT_TARGET = 17.4;
				LOCALIZATION_PREFERS_STRING_CATALOGS = YES;
				MTL_ENABLE_DEBUG_INFO = INCLUDE_SOURCE;
				MTL_FAST_MATH = YES;
				ONLY_ACTIVE_ARCH = YES;
				SDKROOT = iphoneos;
				SWIFT_ACTIVE_COMPILATION_CONDITIONS = "DEBUG $(inherited)";
				SWIFT_OPTIMIZATION_LEVEL = "-Onone";
			};
			name = Debug;
		};
		555B2F352BED30A6009EF5DE /* Release */ = {
			isa = XCBuildConfiguration;
			buildSettings = {
				ALWAYS_SEARCH_USER_PATHS = NO;
				ASSETCATALOG_COMPILER_GENERATE_SWIFT_ASSET_SYMBOL_EXTENSIONS = YES;
				CLANG_ANALYZER_NONNULL = YES;
				CLANG_ANALYZER_NUMBER_OBJECT_CONVERSION = YES_AGGRESSIVE;
				CLANG_CXX_LANGUAGE_STANDARD = "gnu++20";
				CLANG_ENABLE_MODULES = YES;
				CLANG_ENABLE_OBJC_ARC = YES;
				CLANG_ENABLE_OBJC_WEAK = YES;
				CLANG_WARN_BLOCK_CAPTURE_AUTORELEASING = YES;
				CLANG_WARN_BOOL_CONVERSION = YES;
				CLANG_WARN_COMMA = YES;
				CLANG_WARN_CONSTANT_CONVERSION = YES;
				CLANG_WARN_DEPRECATED_OBJC_IMPLEMENTATIONS = YES;
				CLANG_WARN_DIRECT_OBJC_ISA_USAGE = YES_ERROR;
				CLANG_WARN_DOCUMENTATION_COMMENTS = YES;
				CLANG_WARN_EMPTY_BODY = YES;
				CLANG_WARN_ENUM_CONVERSION = YES;
				CLANG_WARN_INFINITE_RECURSION = YES;
				CLANG_WARN_INT_CONVERSION = YES;
				CLANG_WARN_NON_LITERAL_NULL_CONVERSION = YES;
				CLANG_WARN_OBJC_IMPLICIT_RETAIN_SELF = YES;
				CLANG_WARN_OBJC_LITERAL_CONVERSION = YES;
				CLANG_WARN_OBJC_ROOT_CLASS = YES_ERROR;
				CLANG_WARN_QUOTED_INCLUDE_IN_FRAMEWORK_HEADER = YES;
				CLANG_WARN_RANGE_LOOP_ANALYSIS = YES;
				CLANG_WARN_STRICT_PROTOTYPES = YES;
				CLANG_WARN_SUSPICIOUS_MOVE = YES;
				CLANG_WARN_UNGUARDED_AVAILABILITY = YES_AGGRESSIVE;
				CLANG_WARN_UNREACHABLE_CODE = YES;
				CLANG_WARN__DUPLICATE_METHOD_MATCH = YES;
				COPY_PHASE_STRIP = NO;
				DEBUG_INFORMATION_FORMAT = "dwarf-with-dsym";
				ENABLE_NS_ASSERTIONS = NO;
				ENABLE_STRICT_OBJC_MSGSEND = YES;
				ENABLE_USER_SCRIPT_SANDBOXING = YES;
				GCC_C_LANGUAGE_STANDARD = gnu17;
				GCC_NO_COMMON_BLOCKS = YES;
				GCC_WARN_64_TO_32_BIT_CONVERSION = YES;
				GCC_WARN_ABOUT_RETURN_TYPE = YES_ERROR;
				GCC_WARN_UNDECLARED_SELECTOR = YES;
				GCC_WARN_UNINITIALIZED_AUTOS = YES_AGGRESSIVE;
				GCC_WARN_UNUSED_FUNCTION = YES;
				GCC_WARN_UNUSED_VARIABLE = YES;
				IPHONEOS_DEPLOYMENT_TARGET = 17.4;
				LOCALIZATION_PREFERS_STRING_CATALOGS = YES;
				MTL_ENABLE_DEBUG_INFO = NO;
				MTL_FAST_MATH = YES;
				SDKROOT = iphoneos;
				SWIFT_COMPILATION_MODE = wholemodule;
				VALIDATE_PRODUCT = YES;
			};
			name = Release;
		};
		555B2F372BED30A6009EF5DE /* Debug */ = {
			isa = XCBuildConfiguration;
			buildSettings = {
				ASSETCATALOG_COMPILER_APPICON_NAME = AppIcon;
				ASSETCATALOG_COMPILER_GLOBAL_ACCENT_COLOR_NAME = AccentColor;
				CODE_SIGN_STYLE = Automatic;
				CURRENT_PROJECT_VERSION = 1;
				DEVELOPMENT_ASSET_PATHS = "\"ImageEditor/Preview Content\"";
				DEVELOPMENT_TEAM = DSCAQDF936;
				ENABLE_PREVIEWS = YES;
				GENERATE_INFOPLIST_FILE = YES;
				INFOPLIST_FILE = ImageEditor/Info.plist;
				INFOPLIST_KEY_NSPhotoLibraryUsageDescription = "Image Editor access device media";
				INFOPLIST_KEY_UIApplicationSceneManifest_Generation = YES;
				INFOPLIST_KEY_UIApplicationSupportsIndirectInputEvents = YES;
				INFOPLIST_KEY_UILaunchScreen_Generation = YES;
				INFOPLIST_KEY_UISupportedInterfaceOrientations_iPad = "UIInterfaceOrientationPortrait UIInterfaceOrientationPortraitUpsideDown UIInterfaceOrientationLandscapeLeft UIInterfaceOrientationLandscapeRight";
				INFOPLIST_KEY_UISupportedInterfaceOrientations_iPhone = "UIInterfaceOrientationPortrait UIInterfaceOrientationLandscapeLeft UIInterfaceOrientationLandscapeRight";
				IPHONEOS_DEPLOYMENT_TARGET = 17.4;
				LD_RUNPATH_SEARCH_PATHS = (
					"$(inherited)",
					"@executable_path/Frameworks",
				);
				MARKETING_VERSION = 1.0;
				PRODUCT_BUNDLE_IDENTIFIER = com.andreyulanov.ImageEditor;
				PRODUCT_NAME = "$(TARGET_NAME)";
				SWIFT_EMIT_LOC_STRINGS = YES;
				SWIFT_VERSION = 5.0;
				TARGETED_DEVICE_FAMILY = "1,2";
			};
			name = Debug;
		};
		555B2F382BED30A6009EF5DE /* Release */ = {
			isa = XCBuildConfiguration;
			buildSettings = {
				ASSETCATALOG_COMPILER_APPICON_NAME = AppIcon;
				ASSETCATALOG_COMPILER_GLOBAL_ACCENT_COLOR_NAME = AccentColor;
				CODE_SIGN_STYLE = Automatic;
				CURRENT_PROJECT_VERSION = 1;
				DEVELOPMENT_ASSET_PATHS = "\"ImageEditor/Preview Content\"";
				DEVELOPMENT_TEAM = DSCAQDF936;
				ENABLE_PREVIEWS = YES;
				GENERATE_INFOPLIST_FILE = YES;
				INFOPLIST_FILE = ImageEditor/Info.plist;
				INFOPLIST_KEY_NSPhotoLibraryUsageDescription = "Image Editor access device media";
				INFOPLIST_KEY_UIApplicationSceneManifest_Generation = YES;
				INFOPLIST_KEY_UIApplicationSupportsIndirectInputEvents = YES;
				INFOPLIST_KEY_UILaunchScreen_Generation = YES;
				INFOPLIST_KEY_UISupportedInterfaceOrientations_iPad = "UIInterfaceOrientationPortrait UIInterfaceOrientationPortraitUpsideDown UIInterfaceOrientationLandscapeLeft UIInterfaceOrientationLandscapeRight";
				INFOPLIST_KEY_UISupportedInterfaceOrientations_iPhone = "UIInterfaceOrientationPortrait UIInterfaceOrientationLandscapeLeft UIInterfaceOrientationLandscapeRight";
				IPHONEOS_DEPLOYMENT_TARGET = 17.4;
				LD_RUNPATH_SEARCH_PATHS = (
					"$(inherited)",
					"@executable_path/Frameworks",
				);
				MARKETING_VERSION = 1.0;
				PRODUCT_BUNDLE_IDENTIFIER = com.andreyulanov.ImageEditor;
				PRODUCT_NAME = "$(TARGET_NAME)";
				SWIFT_EMIT_LOC_STRINGS = YES;
				SWIFT_VERSION = 5.0;
				TARGETED_DEVICE_FAMILY = "1,2";
			};
			name = Release;
		};
/* End XCBuildConfiguration section */

/* Begin XCConfigurationList section */
		555B2F232BED30A4009EF5DE /* Build configuration list for PBXProject "ImageEditor" */ = {
			isa = XCConfigurationList;
			buildConfigurations = (
				555B2F342BED30A6009EF5DE /* Debug */,
				555B2F352BED30A6009EF5DE /* Release */,
			);
			defaultConfigurationIsVisible = 0;
			defaultConfigurationName = Release;
		};
		555B2F362BED30A6009EF5DE /* Build configuration list for PBXNativeTarget "ImageEditor" */ = {
			isa = XCConfigurationList;
			buildConfigurations = (
				555B2F372BED30A6009EF5DE /* Debug */,
				555B2F382BED30A6009EF5DE /* Release */,
			);
			defaultConfigurationIsVisible = 0;
			defaultConfigurationName = Release;
		};
/* End XCConfigurationList section */
	};
	rootObject = 555B2F202BED30A4009EF5DE /* Project object */;
}
